// !$*UTF8*$!
{
	archiveVersion = 1;
	classes = {
	};
	objectVersion = 50;
	objects = {

/* Begin PBXBuildFile section */
		78332BCD2C1E2A59A6CF60EB /* Pods_AdoptrUITests.framework in Frameworks */ = {isa = PBXBuildFile; fileRef = 71342245DF05DD5280FBEE6A /* Pods_AdoptrUITests.framework */; };
		A400DDA9DF8615F2F83E5A6F /* Pods_Adoptr.framework in Frameworks */ = {isa = PBXBuildFile; fileRef = EAB8C11E6E1E5EA4C7FC14D3 /* Pods_Adoptr.framework */; };
		B811E11920C2495100CDEBC5 /* EditPetViewController.swift in Sources */ = {isa = PBXBuildFile; fileRef = B811E11820C2495100CDEBC5 /* EditPetViewController.swift */; };
		B811E11B20C2495C00CDEBC5 /* AddPetViewController.swift in Sources */ = {isa = PBXBuildFile; fileRef = B811E11A20C2495C00CDEBC5 /* AddPetViewController.swift */; };
		B811E11D20C2793300CDEBC5 /* AcctSplitViewController.swift in Sources */ = {isa = PBXBuildFile; fileRef = B811E11C20C2793300CDEBC5 /* AcctSplitViewController.swift */; };
		B815F82E20B5BE66004F5943 /* SignUpViewController.swift in Sources */ = {isa = PBXBuildFile; fileRef = B815F82D20B5BE66004F5943 /* SignUpViewController.swift */; };
		B86E1ABB20C371BE00F540E9 /* AdopterWelcomeViewController.swift in Sources */ = {isa = PBXBuildFile; fileRef = B86E1ABA20C371BE00F540E9 /* AdopterWelcomeViewController.swift */; };
		B86E1ABD20C371CC00F540E9 /* GiverWelcomeViewController.swift in Sources */ = {isa = PBXBuildFile; fileRef = B86E1ABC20C371CC00F540E9 /* GiverWelcomeViewController.swift */; };
		B876F93320BFABFE00EB62CA /* MatchTableViewCell.swift in Sources */ = {isa = PBXBuildFile; fileRef = B876F93220BFABFE00EB62CA /* MatchTableViewCell.swift */; };
		B876F93520BFAC4200EB62CA /* MatchViewController.swift in Sources */ = {isa = PBXBuildFile; fileRef = B876F93420BFAC4200EB62CA /* MatchViewController.swift */; };
		B876F93720BFBCCB00EB62CA /* MatchPreviewViewController.swift in Sources */ = {isa = PBXBuildFile; fileRef = B876F93620BFBCCB00EB62CA /* MatchPreviewViewController.swift */; };
		B876F93920C1CB7F00EB62CA /* AdoptingInputViewController.swift in Sources */ = {isa = PBXBuildFile; fileRef = B876F93820C1CB7F00EB62CA /* AdoptingInputViewController.swift */; };
		B876F93B20C1F5B500EB62CA /* PreferenceChangeViewController.swift in Sources */ = {isa = PBXBuildFile; fileRef = B876F93A20C1F5B500EB62CA /* PreferenceChangeViewController.swift */; };
		B8AA6F0520AE88A2004F4905 /* AppDelegate.swift in Sources */ = {isa = PBXBuildFile; fileRef = B8AA6F0420AE88A2004F4905 /* AppDelegate.swift */; };
		B8AA6F0720AE88A2004F4905 /* ViewController.swift in Sources */ = {isa = PBXBuildFile; fileRef = B8AA6F0620AE88A2004F4905 /* ViewController.swift */; };
		B8AA6F0A20AE88A2004F4905 /* Main.storyboard in Resources */ = {isa = PBXBuildFile; fileRef = B8AA6F0820AE88A2004F4905 /* Main.storyboard */; };
		B8AA6F0C20AE88A6004F4905 /* Assets.xcassets in Resources */ = {isa = PBXBuildFile; fileRef = B8AA6F0B20AE88A6004F4905 /* Assets.xcassets */; };
		B8AA6F0F20AE88A6004F4905 /* LaunchScreen.storyboard in Resources */ = {isa = PBXBuildFile; fileRef = B8AA6F0D20AE88A6004F4905 /* LaunchScreen.storyboard */; };
		B8AA6F1A20AE88A6004F4905 /* AdoptrTests.swift in Sources */ = {isa = PBXBuildFile; fileRef = B8AA6F1920AE88A6004F4905 /* AdoptrTests.swift */; };
		B8AA6F2520AE88A6004F4905 /* AdoptrUITests.swift in Sources */ = {isa = PBXBuildFile; fileRef = B8AA6F2420AE88A6004F4905 /* AdoptrUITests.swift */; };
		B8AA6F3C20AF2114004F4905 /* PageViewController.swift in Sources */ = {isa = PBXBuildFile; fileRef = B8AA6F3B20AF2114004F4905 /* PageViewController.swift */; };
		B8C157C120B3C21A005A9334 /* Accounts.swift in Sources */ = {isa = PBXBuildFile; fileRef = B8C157C020B3C21A005A9334 /* Accounts.swift */; };
		B8C157C920B4A2DF005A9334 /* LoginViewController.swift in Sources */ = {isa = PBXBuildFile; fileRef = B8C157C820B4A2DF005A9334 /* LoginViewController.swift */; };
		B8C4C8C520B87A9100D5A9CB /* GivingSignUpViewController.swift in Sources */ = {isa = PBXBuildFile; fileRef = B8C4C8C420B87A9100D5A9CB /* GivingSignUpViewController.swift */; };
		B8F1E8FF20BE432D0043ED71 /* FeedViewController.swift in Sources */ = {isa = PBXBuildFile; fileRef = B8F1E8FE20BE432D0043ED71 /* FeedViewController.swift */; };
		B8F1E90B20BF46DC0043ED71 /* ListedPetsViewController.swift in Sources */ = {isa = PBXBuildFile; fileRef = B8F1E90A20BF46DC0043ED71 /* ListedPetsViewController.swift */; };
		B8F1E90E20BF4A0D0043ED71 /* ListedPetViewCell.swift in Sources */ = {isa = PBXBuildFile; fileRef = B8F1E90D20BF4A0D0043ED71 /* ListedPetViewCell.swift */; };
		BA1C21C24D5EEA50BD1F0BDA /* Pods_AdoptrTests.framework in Frameworks */ = {isa = PBXBuildFile; fileRef = C3E3715995EEDA0C8B75AAE2 /* Pods_AdoptrTests.framework */; };
/* End PBXBuildFile section */

/* Begin PBXContainerItemProxy section */
		B8AA6F1620AE88A6004F4905 /* PBXContainerItemProxy */ = {
			isa = PBXContainerItemProxy;
			containerPortal = B8AA6EF920AE88A2004F4905 /* Project object */;
			proxyType = 1;
			remoteGlobalIDString = B8AA6F0020AE88A2004F4905;
			remoteInfo = Adoptr;
		};
		B8AA6F2120AE88A6004F4905 /* PBXContainerItemProxy */ = {
			isa = PBXContainerItemProxy;
			containerPortal = B8AA6EF920AE88A2004F4905 /* Project object */;
			proxyType = 1;
			remoteGlobalIDString = B8AA6F0020AE88A2004F4905;
			remoteInfo = Adoptr;
		};
/* End PBXContainerItemProxy section */

/* Begin PBXFileReference section */
		181728AC3712AC8D962FFD53 /* Pods-AdoptrTests.debug.xcconfig */ = {isa = PBXFileReference; includeInIndex = 1; lastKnownFileType = text.xcconfig; name = "Pods-AdoptrTests.debug.xcconfig"; path = "Pods/Target Support Files/Pods-AdoptrTests/Pods-AdoptrTests.debug.xcconfig"; sourceTree = "<group>"; };
		655E74C39A7DC0B82C8B37FE /* Pods-AdoptrUITests.release.xcconfig */ = {isa = PBXFileReference; includeInIndex = 1; lastKnownFileType = text.xcconfig; name = "Pods-AdoptrUITests.release.xcconfig"; path = "Pods/Target Support Files/Pods-AdoptrUITests/Pods-AdoptrUITests.release.xcconfig"; sourceTree = "<group>"; };
		71342245DF05DD5280FBEE6A /* Pods_AdoptrUITests.framework */ = {isa = PBXFileReference; explicitFileType = wrapper.framework; includeInIndex = 0; path = Pods_AdoptrUITests.framework; sourceTree = BUILT_PRODUCTS_DIR; };
		735BD16112EA1B107CC9D03B /* Pods-Adoptr.debug.xcconfig */ = {isa = PBXFileReference; includeInIndex = 1; lastKnownFileType = text.xcconfig; name = "Pods-Adoptr.debug.xcconfig"; path = "Pods/Target Support Files/Pods-Adoptr/Pods-Adoptr.debug.xcconfig"; sourceTree = "<group>"; };
		A25FE76773799353132C9E50 /* Pods-AdoptrUITests.debug.xcconfig */ = {isa = PBXFileReference; includeInIndex = 1; lastKnownFileType = text.xcconfig; name = "Pods-AdoptrUITests.debug.xcconfig"; path = "Pods/Target Support Files/Pods-AdoptrUITests/Pods-AdoptrUITests.debug.xcconfig"; sourceTree = "<group>"; };
		B811E11820C2495100CDEBC5 /* EditPetViewController.swift */ = {isa = PBXFileReference; lastKnownFileType = sourcecode.swift; path = EditPetViewController.swift; sourceTree = "<group>"; };
		B811E11A20C2495C00CDEBC5 /* AddPetViewController.swift */ = {isa = PBXFileReference; lastKnownFileType = sourcecode.swift; path = AddPetViewController.swift; sourceTree = "<group>"; };
		B811E11C20C2793300CDEBC5 /* AcctSplitViewController.swift */ = {isa = PBXFileReference; lastKnownFileType = sourcecode.swift; path = AcctSplitViewController.swift; sourceTree = "<group>"; };
		B815F82D20B5BE66004F5943 /* SignUpViewController.swift */ = {isa = PBXFileReference; lastKnownFileType = sourcecode.swift; path = SignUpViewController.swift; sourceTree = "<group>"; };
		B86E1ABA20C371BE00F540E9 /* AdopterWelcomeViewController.swift */ = {isa = PBXFileReference; lastKnownFileType = sourcecode.swift; path = AdopterWelcomeViewController.swift; sourceTree = "<group>"; };
		B86E1ABC20C371CC00F540E9 /* GiverWelcomeViewController.swift */ = {isa = PBXFileReference; lastKnownFileType = sourcecode.swift; path = GiverWelcomeViewController.swift; sourceTree = "<group>"; };
		B876F93220BFABFE00EB62CA /* MatchTableViewCell.swift */ = {isa = PBXFileReference; lastKnownFileType = sourcecode.swift; path = MatchTableViewCell.swift; sourceTree = "<group>"; };
		B876F93420BFAC4200EB62CA /* MatchViewController.swift */ = {isa = PBXFileReference; lastKnownFileType = sourcecode.swift; path = MatchViewController.swift; sourceTree = "<group>"; };
		B876F93620BFBCCB00EB62CA /* MatchPreviewViewController.swift */ = {isa = PBXFileReference; lastKnownFileType = sourcecode.swift; path = MatchPreviewViewController.swift; sourceTree = "<group>"; };
		B876F93820C1CB7F00EB62CA /* AdoptingInputViewController.swift */ = {isa = PBXFileReference; lastKnownFileType = sourcecode.swift; path = AdoptingInputViewController.swift; sourceTree = "<group>"; };
		B876F93A20C1F5B500EB62CA /* PreferenceChangeViewController.swift */ = {isa = PBXFileReference; lastKnownFileType = sourcecode.swift; path = PreferenceChangeViewController.swift; sourceTree = "<group>"; };
		B8AA6F0120AE88A2004F4905 /* Adoptr.app */ = {isa = PBXFileReference; explicitFileType = wrapper.application; includeInIndex = 0; path = Adoptr.app; sourceTree = BUILT_PRODUCTS_DIR; };
		B8AA6F0420AE88A2004F4905 /* AppDelegate.swift */ = {isa = PBXFileReference; lastKnownFileType = sourcecode.swift; path = AppDelegate.swift; sourceTree = "<group>"; };
		B8AA6F0620AE88A2004F4905 /* ViewController.swift */ = {isa = PBXFileReference; lastKnownFileType = sourcecode.swift; path = ViewController.swift; sourceTree = "<group>"; };
		B8AA6F0920AE88A2004F4905 /* Base */ = {isa = PBXFileReference; lastKnownFileType = file.storyboard; name = Base; path = Base.lproj/Main.storyboard; sourceTree = "<group>"; };
		B8AA6F0B20AE88A6004F4905 /* Assets.xcassets */ = {isa = PBXFileReference; lastKnownFileType = folder.assetcatalog; path = Assets.xcassets; sourceTree = "<group>"; };
		B8AA6F0E20AE88A6004F4905 /* Base */ = {isa = PBXFileReference; lastKnownFileType = file.storyboard; name = Base; path = Base.lproj/LaunchScreen.storyboard; sourceTree = "<group>"; };
		B8AA6F1020AE88A6004F4905 /* Info.plist */ = {isa = PBXFileReference; lastKnownFileType = text.plist.xml; path = Info.plist; sourceTree = "<group>"; };
		B8AA6F1520AE88A6004F4905 /* AdoptrTests.xctest */ = {isa = PBXFileReference; explicitFileType = wrapper.cfbundle; includeInIndex = 0; path = AdoptrTests.xctest; sourceTree = BUILT_PRODUCTS_DIR; };
		B8AA6F1920AE88A6004F4905 /* AdoptrTests.swift */ = {isa = PBXFileReference; lastKnownFileType = sourcecode.swift; path = AdoptrTests.swift; sourceTree = "<group>"; };
		B8AA6F1B20AE88A6004F4905 /* Info.plist */ = {isa = PBXFileReference; lastKnownFileType = text.plist.xml; path = Info.plist; sourceTree = "<group>"; };
		B8AA6F2020AE88A6004F4905 /* AdoptrUITests.xctest */ = {isa = PBXFileReference; explicitFileType = wrapper.cfbundle; includeInIndex = 0; path = AdoptrUITests.xctest; sourceTree = BUILT_PRODUCTS_DIR; };
		B8AA6F2420AE88A6004F4905 /* AdoptrUITests.swift */ = {isa = PBXFileReference; lastKnownFileType = sourcecode.swift; path = AdoptrUITests.swift; sourceTree = "<group>"; };
		B8AA6F2620AE88A6004F4905 /* Info.plist */ = {isa = PBXFileReference; lastKnownFileType = text.plist.xml; path = Info.plist; sourceTree = "<group>"; };
		B8AA6F3B20AF2114004F4905 /* PageViewController.swift */ = {isa = PBXFileReference; lastKnownFileType = sourcecode.swift; path = PageViewController.swift; sourceTree = "<group>"; };
		B8C157C020B3C21A005A9334 /* Accounts.swift */ = {isa = PBXFileReference; lastKnownFileType = sourcecode.swift; path = Accounts.swift; sourceTree = "<group>"; };
		B8C157C820B4A2DF005A9334 /* LoginViewController.swift */ = {isa = PBXFileReference; lastKnownFileType = sourcecode.swift; path = LoginViewController.swift; sourceTree = "<group>"; };
		B8C4C8C420B87A9100D5A9CB /* GivingSignUpViewController.swift */ = {isa = PBXFileReference; lastKnownFileType = sourcecode.swift; path = GivingSignUpViewController.swift; sourceTree = "<group>"; };
		B8F1E8FE20BE432D0043ED71 /* FeedViewController.swift */ = {isa = PBXFileReference; lastKnownFileType = sourcecode.swift; path = FeedViewController.swift; sourceTree = "<group>"; };
		B8F1E90A20BF46DC0043ED71 /* ListedPetsViewController.swift */ = {isa = PBXFileReference; lastKnownFileType = sourcecode.swift; path = ListedPetsViewController.swift; sourceTree = "<group>"; };
		B8F1E90D20BF4A0D0043ED71 /* ListedPetViewCell.swift */ = {isa = PBXFileReference; lastKnownFileType = sourcecode.swift; path = ListedPetViewCell.swift; sourceTree = "<group>"; };
		C3E3715995EEDA0C8B75AAE2 /* Pods_AdoptrTests.framework */ = {isa = PBXFileReference; explicitFileType = wrapper.framework; includeInIndex = 0; path = Pods_AdoptrTests.framework; sourceTree = BUILT_PRODUCTS_DIR; };
		E03AEE0A5A2AE9BF299E751F /* Pods-AdoptrTests.release.xcconfig */ = {isa = PBXFileReference; includeInIndex = 1; lastKnownFileType = text.xcconfig; name = "Pods-AdoptrTests.release.xcconfig"; path = "Pods/Target Support Files/Pods-AdoptrTests/Pods-AdoptrTests.release.xcconfig"; sourceTree = "<group>"; };
		EAB8C11E6E1E5EA4C7FC14D3 /* Pods_Adoptr.framework */ = {isa = PBXFileReference; explicitFileType = wrapper.framework; includeInIndex = 0; path = Pods_Adoptr.framework; sourceTree = BUILT_PRODUCTS_DIR; };
		FD80645D78E1422E9966C72C /* Pods-Adoptr.release.xcconfig */ = {isa = PBXFileReference; includeInIndex = 1; lastKnownFileType = text.xcconfig; name = "Pods-Adoptr.release.xcconfig"; path = "Pods/Target Support Files/Pods-Adoptr/Pods-Adoptr.release.xcconfig"; sourceTree = "<group>"; };
/* End PBXFileReference section */

/* Begin PBXFrameworksBuildPhase section */
		B8AA6EFE20AE88A2004F4905 /* Frameworks */ = {
			isa = PBXFrameworksBuildPhase;
			buildActionMask = 2147483647;
			files = (
				A400DDA9DF8615F2F83E5A6F /* Pods_Adoptr.framework in Frameworks */,
			);
			runOnlyForDeploymentPostprocessing = 0;
		};
		B8AA6F1220AE88A6004F4905 /* Frameworks */ = {
			isa = PBXFrameworksBuildPhase;
			buildActionMask = 2147483647;
			files = (
				BA1C21C24D5EEA50BD1F0BDA /* Pods_AdoptrTests.framework in Frameworks */,
			);
			runOnlyForDeploymentPostprocessing = 0;
		};
		B8AA6F1D20AE88A6004F4905 /* Frameworks */ = {
			isa = PBXFrameworksBuildPhase;
			buildActionMask = 2147483647;
			files = (
				78332BCD2C1E2A59A6CF60EB /* Pods_AdoptrUITests.framework in Frameworks */,
			);
			runOnlyForDeploymentPostprocessing = 0;
		};
/* End PBXFrameworksBuildPhase section */

/* Begin PBXGroup section */
		6CC49DB392F2FF0FE2B5A5BC /* Frameworks */ = {
			isa = PBXGroup;
			children = (
				EAB8C11E6E1E5EA4C7FC14D3 /* Pods_Adoptr.framework */,
				C3E3715995EEDA0C8B75AAE2 /* Pods_AdoptrTests.framework */,
				71342245DF05DD5280FBEE6A /* Pods_AdoptrUITests.framework */,
			);
			name = Frameworks;
			sourceTree = "<group>";
		};
		A6DD712FFABFDC938B02C6BE /* Pods */ = {
			isa = PBXGroup;
			children = (
				735BD16112EA1B107CC9D03B /* Pods-Adoptr.debug.xcconfig */,
				FD80645D78E1422E9966C72C /* Pods-Adoptr.release.xcconfig */,
				181728AC3712AC8D962FFD53 /* Pods-AdoptrTests.debug.xcconfig */,
				E03AEE0A5A2AE9BF299E751F /* Pods-AdoptrTests.release.xcconfig */,
				A25FE76773799353132C9E50 /* Pods-AdoptrUITests.debug.xcconfig */,
				655E74C39A7DC0B82C8B37FE /* Pods-AdoptrUITests.release.xcconfig */,
			);
			name = Pods;
			sourceTree = "<group>";
		};
		B8AA6EF820AE88A2004F4905 = {
			isa = PBXGroup;
			children = (
				B8AA6F0320AE88A2004F4905 /* Adoptr */,
				B8AA6F1820AE88A6004F4905 /* AdoptrTests */,
				B8AA6F2320AE88A6004F4905 /* AdoptrUITests */,
				B8AA6F0220AE88A2004F4905 /* Products */,
				A6DD712FFABFDC938B02C6BE /* Pods */,
				6CC49DB392F2FF0FE2B5A5BC /* Frameworks */,
			);
			sourceTree = "<group>";
		};
		B8AA6F0220AE88A2004F4905 /* Products */ = {
			isa = PBXGroup;
			children = (
				B8AA6F0120AE88A2004F4905 /* Adoptr.app */,
				B8AA6F1520AE88A6004F4905 /* AdoptrTests.xctest */,
				B8AA6F2020AE88A6004F4905 /* AdoptrUITests.xctest */,
			);
			name = Products;
			sourceTree = "<group>";
		};
		B8AA6F0320AE88A2004F4905 /* Adoptr */ = {
			isa = PBXGroup;
			children = (
				B8AA6F0420AE88A2004F4905 /* AppDelegate.swift */,
				B8C157C020B3C21A005A9334 /* Accounts.swift */,
				B8C157C820B4A2DF005A9334 /* LoginViewController.swift */,
				B815F82D20B5BE66004F5943 /* SignUpViewController.swift */,
				B8C4C8C420B87A9100D5A9CB /* GivingSignUpViewController.swift */,
				B8AA6F0620AE88A2004F4905 /* ViewController.swift */,
				B8AA6F3B20AF2114004F4905 /* PageViewController.swift */,
				B8F1E8FE20BE432D0043ED71 /* FeedViewController.swift */,
				B8F1E90A20BF46DC0043ED71 /* ListedPetsViewController.swift */,
				B8F1E90D20BF4A0D0043ED71 /* ListedPetViewCell.swift */,
				B876F93220BFABFE00EB62CA /* MatchTableViewCell.swift */,
				B876F93420BFAC4200EB62CA /* MatchViewController.swift */,
				B876F93620BFBCCB00EB62CA /* MatchPreviewViewController.swift */,
				B876F93820C1CB7F00EB62CA /* AdoptingInputViewController.swift */,
				B876F93A20C1F5B500EB62CA /* PreferenceChangeViewController.swift */,
				B811E11A20C2495C00CDEBC5 /* AddPetViewController.swift */,
				B811E11820C2495100CDEBC5 /* EditPetViewController.swift */,
				B811E11C20C2793300CDEBC5 /* AcctSplitViewController.swift */,
				B86E1ABA20C371BE00F540E9 /* AdopterWelcomeViewController.swift */,
				B86E1ABC20C371CC00F540E9 /* GiverWelcomeViewController.swift */,
				B8AA6F0B20AE88A6004F4905 /* Assets.xcassets */,
				B8AA6F0820AE88A2004F4905 /* Main.storyboard */,
				B8AA6F0D20AE88A6004F4905 /* LaunchScreen.storyboard */,
				B8AA6F1020AE88A6004F4905 /* Info.plist */,
			);
			path = Adoptr;
			sourceTree = "<group>";
		};
		B8AA6F1820AE88A6004F4905 /* AdoptrTests */ = {
			isa = PBXGroup;
			children = (
				B8AA6F1920AE88A6004F4905 /* AdoptrTests.swift */,
				B8AA6F1B20AE88A6004F4905 /* Info.plist */,
			);
			path = AdoptrTests;
			sourceTree = "<group>";
		};
		B8AA6F2320AE88A6004F4905 /* AdoptrUITests */ = {
			isa = PBXGroup;
			children = (
				B8AA6F2420AE88A6004F4905 /* AdoptrUITests.swift */,
				B8AA6F2620AE88A6004F4905 /* Info.plist */,
			);
			path = AdoptrUITests;
			sourceTree = "<group>";
		};
/* End PBXGroup section */

/* Begin PBXNativeTarget section */
		B8AA6F0020AE88A2004F4905 /* Adoptr */ = {
			isa = PBXNativeTarget;
			buildConfigurationList = B8AA6F2920AE88A6004F4905 /* Build configuration list for PBXNativeTarget "Adoptr" */;
			buildPhases = (
				CA840516B1AF0ED299ACE843 /* [CP] Check Pods Manifest.lock */,
				B8AA6EFD20AE88A2004F4905 /* Sources */,
				B8AA6EFE20AE88A2004F4905 /* Frameworks */,
				B8AA6EFF20AE88A2004F4905 /* Resources */,
				B178C867117CA1F881415A48 /* [CP] Embed Pods Frameworks */,
			);
			buildRules = (
			);
			dependencies = (
			);
			name = Adoptr;
			productName = Adoptr;
			productReference = B8AA6F0120AE88A2004F4905 /* Adoptr.app */;
			productType = "com.apple.product-type.application";
		};
		B8AA6F1420AE88A6004F4905 /* AdoptrTests */ = {
			isa = PBXNativeTarget;
			buildConfigurationList = B8AA6F2C20AE88A6004F4905 /* Build configuration list for PBXNativeTarget "AdoptrTests" */;
			buildPhases = (
				E42F2ACD2E774E96BD9BDC4F /* [CP] Check Pods Manifest.lock */,
				B8AA6F1120AE88A6004F4905 /* Sources */,
				B8AA6F1220AE88A6004F4905 /* Frameworks */,
				B8AA6F1320AE88A6004F4905 /* Resources */,
			);
			buildRules = (
			);
			dependencies = (
				B8AA6F1720AE88A6004F4905 /* PBXTargetDependency */,
			);
			name = AdoptrTests;
			productName = AdoptrTests;
			productReference = B8AA6F1520AE88A6004F4905 /* AdoptrTests.xctest */;
			productType = "com.apple.product-type.bundle.unit-test";
		};
		B8AA6F1F20AE88A6004F4905 /* AdoptrUITests */ = {
			isa = PBXNativeTarget;
			buildConfigurationList = B8AA6F2F20AE88A6004F4905 /* Build configuration list for PBXNativeTarget "AdoptrUITests" */;
			buildPhases = (
				54985CF69059DF7C8AEA1141 /* [CP] Check Pods Manifest.lock */,
				B8AA6F1C20AE88A6004F4905 /* Sources */,
				B8AA6F1D20AE88A6004F4905 /* Frameworks */,
				B8AA6F1E20AE88A6004F4905 /* Resources */,
			);
			buildRules = (
			);
			dependencies = (
				B8AA6F2220AE88A6004F4905 /* PBXTargetDependency */,
			);
			name = AdoptrUITests;
			productName = AdoptrUITests;
			productReference = B8AA6F2020AE88A6004F4905 /* AdoptrUITests.xctest */;
			productType = "com.apple.product-type.bundle.ui-testing";
		};
/* End PBXNativeTarget section */

/* Begin PBXProject section */
		B8AA6EF920AE88A2004F4905 /* Project object */ = {
			isa = PBXProject;
			attributes = {
				LastSwiftUpdateCheck = 0930;
				LastUpgradeCheck = 0930;
				ORGANIZATIONNAME = adoptr;
				TargetAttributes = {
					B8AA6F0020AE88A2004F4905 = {
						CreatedOnToolsVersion = 9.3;
					};
					B8AA6F1420AE88A6004F4905 = {
						CreatedOnToolsVersion = 9.3;
						TestTargetID = B8AA6F0020AE88A2004F4905;
					};
					B8AA6F1F20AE88A6004F4905 = {
						CreatedOnToolsVersion = 9.3;
						TestTargetID = B8AA6F0020AE88A2004F4905;
					};
				};
			};
			buildConfigurationList = B8AA6EFC20AE88A2004F4905 /* Build configuration list for PBXProject "Adoptr" */;
			compatibilityVersion = "Xcode 9.3";
			developmentRegion = en;
			hasScannedForEncodings = 0;
			knownRegions = (
				en,
				Base,
			);
			mainGroup = B8AA6EF820AE88A2004F4905;
			productRefGroup = B8AA6F0220AE88A2004F4905 /* Products */;
			projectDirPath = "";
			projectRoot = "";
			targets = (
				B8AA6F0020AE88A2004F4905 /* Adoptr */,
				B8AA6F1420AE88A6004F4905 /* AdoptrTests */,
				B8AA6F1F20AE88A6004F4905 /* AdoptrUITests */,
			);
		};
/* End PBXProject section */

/* Begin PBXResourcesBuildPhase section */
		B8AA6EFF20AE88A2004F4905 /* Resources */ = {
			isa = PBXResourcesBuildPhase;
			buildActionMask = 2147483647;
			files = (
				B8AA6F0F20AE88A6004F4905 /* LaunchScreen.storyboard in Resources */,
				B8AA6F0C20AE88A6004F4905 /* Assets.xcassets in Resources */,
				B8AA6F0A20AE88A2004F4905 /* Main.storyboard in Resources */,
			);
			runOnlyForDeploymentPostprocessing = 0;
		};
		B8AA6F1320AE88A6004F4905 /* Resources */ = {
			isa = PBXResourcesBuildPhase;
			buildActionMask = 2147483647;
			files = (
			);
			runOnlyForDeploymentPostprocessing = 0;
		};
		B8AA6F1E20AE88A6004F4905 /* Resources */ = {
			isa = PBXResourcesBuildPhase;
			buildActionMask = 2147483647;
			files = (
			);
			runOnlyForDeploymentPostprocessing = 0;
		};
/* End PBXResourcesBuildPhase section */

/* Begin PBXShellScriptBuildPhase section */
		54985CF69059DF7C8AEA1141 /* [CP] Check Pods Manifest.lock */ = {
			isa = PBXShellScriptBuildPhase;
			buildActionMask = 2147483647;
			files = (
			);
			inputPaths = (
				"${PODS_PODFILE_DIR_PATH}/Podfile.lock",
				"${PODS_ROOT}/Manifest.lock",
			);
			name = "[CP] Check Pods Manifest.lock";
			outputPaths = (
				"$(DERIVED_FILE_DIR)/Pods-AdoptrUITests-checkManifestLockResult.txt",
			);
			runOnlyForDeploymentPostprocessing = 0;
			shellPath = /bin/sh;
			shellScript = "diff \"${PODS_PODFILE_DIR_PATH}/Podfile.lock\" \"${PODS_ROOT}/Manifest.lock\" > /dev/null\nif [ $? != 0 ] ; then\n    # print error to STDERR\n    echo \"error: The sandbox is not in sync with the Podfile.lock. Run 'pod install' or update your CocoaPods installation.\" >&2\n    exit 1\nfi\n# This output is used by Xcode 'outputs' to avoid re-running this script phase.\necho \"SUCCESS\" > \"${SCRIPT_OUTPUT_FILE_0}\"\n";
			showEnvVarsInLog = 0;
		};
		B178C867117CA1F881415A48 /* [CP] Embed Pods Frameworks */ = {
			isa = PBXShellScriptBuildPhase;
			buildActionMask = 2147483647;
			files = (
			);
			inputPaths = (
				"${SRCROOT}/Pods/Target Support Files/Pods-Adoptr/Pods-Adoptr-frameworks.sh",
				"${BUILT_PRODUCTS_DIR}/Alamofire/Alamofire.framework",
				"${BUILT_PRODUCTS_DIR}/SwiftyJSON/SwiftyJSON.framework",
			);
			name = "[CP] Embed Pods Frameworks";
			outputPaths = (
				"${TARGET_BUILD_DIR}/${FRAMEWORKS_FOLDER_PATH}/Alamofire.framework",
				"${TARGET_BUILD_DIR}/${FRAMEWORKS_FOLDER_PATH}/SwiftyJSON.framework",
			);
			runOnlyForDeploymentPostprocessing = 0;
			shellPath = /bin/sh;
			shellScript = "\"${SRCROOT}/Pods/Target Support Files/Pods-Adoptr/Pods-Adoptr-frameworks.sh\"\n";
			showEnvVarsInLog = 0;
		};
		CA840516B1AF0ED299ACE843 /* [CP] Check Pods Manifest.lock */ = {
			isa = PBXShellScriptBuildPhase;
			buildActionMask = 2147483647;
			files = (
			);
			inputPaths = (
				"${PODS_PODFILE_DIR_PATH}/Podfile.lock",
				"${PODS_ROOT}/Manifest.lock",
			);
			name = "[CP] Check Pods Manifest.lock";
			outputPaths = (
				"$(DERIVED_FILE_DIR)/Pods-Adoptr-checkManifestLockResult.txt",
			);
			runOnlyForDeploymentPostprocessing = 0;
			shellPath = /bin/sh;
			shellScript = "diff \"${PODS_PODFILE_DIR_PATH}/Podfile.lock\" \"${PODS_ROOT}/Manifest.lock\" > /dev/null\nif [ $? != 0 ] ; then\n    # print error to STDERR\n    echo \"error: The sandbox is not in sync with the Podfile.lock. Run 'pod install' or update your CocoaPods installation.\" >&2\n    exit 1\nfi\n# This output is used by Xcode 'outputs' to avoid re-running this script phase.\necho \"SUCCESS\" > \"${SCRIPT_OUTPUT_FILE_0}\"\n";
			showEnvVarsInLog = 0;
		};
		E42F2ACD2E774E96BD9BDC4F /* [CP] Check Pods Manifest.lock */ = {
			isa = PBXShellScriptBuildPhase;
			buildActionMask = 2147483647;
			files = (
			);
			inputPaths = (
				"${PODS_PODFILE_DIR_PATH}/Podfile.lock",
				"${PODS_ROOT}/Manifest.lock",
			);
			name = "[CP] Check Pods Manifest.lock";
			outputPaths = (
				"$(DERIVED_FILE_DIR)/Pods-AdoptrTests-checkManifestLockResult.txt",
			);
			runOnlyForDeploymentPostprocessing = 0;
			shellPath = /bin/sh;
			shellScript = "diff \"${PODS_PODFILE_DIR_PATH}/Podfile.lock\" \"${PODS_ROOT}/Manifest.lock\" > /dev/null\nif [ $? != 0 ] ; then\n    # print error to STDERR\n    echo \"error: The sandbox is not in sync with the Podfile.lock. Run 'pod install' or update your CocoaPods installation.\" >&2\n    exit 1\nfi\n# This output is used by Xcode 'outputs' to avoid re-running this script phase.\necho \"SUCCESS\" > \"${SCRIPT_OUTPUT_FILE_0}\"\n";
			showEnvVarsInLog = 0;
		};
/* End PBXShellScriptBuildPhase section */

/* Begin PBXSourcesBuildPhase section */
		B8AA6EFD20AE88A2004F4905 /* Sources */ = {
			isa = PBXSourcesBuildPhase;
			buildActionMask = 2147483647;
			files = (
				B876F93520BFAC4200EB62CA /* MatchViewController.swift in Sources */,
				B876F93320BFABFE00EB62CA /* MatchTableViewCell.swift in Sources */,
				B8AA6F3C20AF2114004F4905 /* PageViewController.swift in Sources */,
				B8AA6F0720AE88A2004F4905 /* ViewController.swift in Sources */,
				B8C4C8C520B87A9100D5A9CB /* GivingSignUpViewController.swift in Sources */,
				B811E11B20C2495C00CDEBC5 /* AddPetViewController.swift in Sources */,
				B811E11D20C2793300CDEBC5 /* AcctSplitViewController.swift in Sources */,
				B815F82E20B5BE66004F5943 /* SignUpViewController.swift in Sources */,
				B8F1E90B20BF46DC0043ED71 /* ListedPetsViewController.swift in Sources */,
				B811E11920C2495100CDEBC5 /* EditPetViewController.swift in Sources */,
				B86E1ABB20C371BE00F540E9 /* AdopterWelcomeViewController.swift in Sources */,
				B8F1E90E20BF4A0D0043ED71 /* ListedPetViewCell.swift in Sources */,
				B8C157C120B3C21A005A9334 /* Accounts.swift in Sources */,
				B86E1ABD20C371CC00F540E9 /* GiverWelcomeViewController.swift in Sources */,
				B8C157C920B4A2DF005A9334 /* LoginViewController.swift in Sources */,
				B876F93B20C1F5B500EB62CA /* PreferenceChangeViewController.swift in Sources */,
				B8F1E8FF20BE432D0043ED71 /* FeedViewController.swift in Sources */,
				B876F93920C1CB7F00EB62CA /* AdoptingInputViewController.swift in Sources */,
				B876F93720BFBCCB00EB62CA /* MatchPreviewViewController.swift in Sources */,
				B8AA6F0520AE88A2004F4905 /* AppDelegate.swift in Sources */,
			);
			runOnlyForDeploymentPostprocessing = 0;
		};
		B8AA6F1120AE88A6004F4905 /* Sources */ = {
			isa = PBXSourcesBuildPhase;
			buildActionMask = 2147483647;
			files = (
				B8AA6F1A20AE88A6004F4905 /* AdoptrTests.swift in Sources */,
			);
			runOnlyForDeploymentPostprocessing = 0;
		};
		B8AA6F1C20AE88A6004F4905 /* Sources */ = {
			isa = PBXSourcesBuildPhase;
			buildActionMask = 2147483647;
			files = (
				B8AA6F2520AE88A6004F4905 /* AdoptrUITests.swift in Sources */,
			);
			runOnlyForDeploymentPostprocessing = 0;
		};
/* End PBXSourcesBuildPhase section */

/* Begin PBXTargetDependency section */
		B8AA6F1720AE88A6004F4905 /* PBXTargetDependency */ = {
			isa = PBXTargetDependency;
			target = B8AA6F0020AE88A2004F4905 /* Adoptr */;
			targetProxy = B8AA6F1620AE88A6004F4905 /* PBXContainerItemProxy */;
		};
		B8AA6F2220AE88A6004F4905 /* PBXTargetDependency */ = {
			isa = PBXTargetDependency;
			target = B8AA6F0020AE88A2004F4905 /* Adoptr */;
			targetProxy = B8AA6F2120AE88A6004F4905 /* PBXContainerItemProxy */;
		};
/* End PBXTargetDependency section */

/* Begin PBXVariantGroup section */
		B8AA6F0820AE88A2004F4905 /* Main.storyboard */ = {
			isa = PBXVariantGroup;
			children = (
				B8AA6F0920AE88A2004F4905 /* Base */,
			);
			name = Main.storyboard;
			sourceTree = "<group>";
		};
		B8AA6F0D20AE88A6004F4905 /* LaunchScreen.storyboard */ = {
			isa = PBXVariantGroup;
			children = (
				B8AA6F0E20AE88A6004F4905 /* Base */,
			);
			name = LaunchScreen.storyboard;
			sourceTree = "<group>";
		};
/* End PBXVariantGroup section */

/* Begin XCBuildConfiguration section */
		B8AA6F2720AE88A6004F4905 /* Debug */ = {
			isa = XCBuildConfiguration;
			buildSettings = {
				ALWAYS_SEARCH_USER_PATHS = NO;
				CLANG_ANALYZER_NONNULL = YES;
				CLANG_ANALYZER_NUMBER_OBJECT_CONVERSION = YES_AGGRESSIVE;
				CLANG_CXX_LANGUAGE_STANDARD = "gnu++14";
				CLANG_CXX_LIBRARY = "libc++";
				CLANG_ENABLE_MODULES = YES;
				CLANG_ENABLE_OBJC_ARC = YES;
				CLANG_ENABLE_OBJC_WEAK = YES;
				CLANG_WARN_BLOCK_CAPTURE_AUTORELEASING = YES;
				CLANG_WARN_BOOL_CONVERSION = YES;
				CLANG_WARN_COMMA = YES;
				CLANG_WARN_CONSTANT_CONVERSION = YES;
				CLANG_WARN_DEPRECATED_OBJC_IMPLEMENTATIONS = YES;
				CLANG_WARN_DIRECT_OBJC_ISA_USAGE = YES_ERROR;
				CLANG_WARN_DOCUMENTATION_COMMENTS = YES;
				CLANG_WARN_EMPTY_BODY = YES;
				CLANG_WARN_ENUM_CONVERSION = YES;
				CLANG_WARN_INFINITE_RECURSION = YES;
				CLANG_WARN_INT_CONVERSION = YES;
				CLANG_WARN_NON_LITERAL_NULL_CONVERSION = YES;
				CLANG_WARN_OBJC_IMPLICIT_RETAIN_SELF = YES;
				CLANG_WARN_OBJC_LITERAL_CONVERSION = YES;
				CLANG_WARN_OBJC_ROOT_CLASS = YES_ERROR;
				CLANG_WARN_RANGE_LOOP_ANALYSIS = YES;
				CLANG_WARN_STRICT_PROTOTYPES = YES;
				CLANG_WARN_SUSPICIOUS_MOVE = YES;
				CLANG_WARN_UNGUARDED_AVAILABILITY = YES_AGGRESSIVE;
				CLANG_WARN_UNREACHABLE_CODE = YES;
				CLANG_WARN__DUPLICATE_METHOD_MATCH = YES;
				CODE_SIGN_IDENTITY = "iPhone Developer";
				COPY_PHASE_STRIP = NO;
				DEBUG_INFORMATION_FORMAT = dwarf;
				ENABLE_STRICT_OBJC_MSGSEND = YES;
				ENABLE_TESTABILITY = YES;
				GCC_C_LANGUAGE_STANDARD = gnu11;
				GCC_DYNAMIC_NO_PIC = NO;
				GCC_NO_COMMON_BLOCKS = YES;
				GCC_OPTIMIZATION_LEVEL = 0;
				GCC_PREPROCESSOR_DEFINITIONS = (
					"DEBUG=1",
					"$(inherited)",
				);
				GCC_WARN_64_TO_32_BIT_CONVERSION = YES;
				GCC_WARN_ABOUT_RETURN_TYPE = YES_ERROR;
				GCC_WARN_UNDECLARED_SELECTOR = YES;
				GCC_WARN_UNINITIALIZED_AUTOS = YES_AGGRESSIVE;
				GCC_WARN_UNUSED_FUNCTION = YES;
				GCC_WARN_UNUSED_VARIABLE = YES;
				IPHONEOS_DEPLOYMENT_TARGET = 11.3;
				MTL_ENABLE_DEBUG_INFO = YES;
				ONLY_ACTIVE_ARCH = YES;
				SDKROOT = iphoneos;
				SWIFT_ACTIVE_COMPILATION_CONDITIONS = DEBUG;
				SWIFT_OPTIMIZATION_LEVEL = "-Onone";
			};
			name = Debug;
		};
		B8AA6F2820AE88A6004F4905 /* Release */ = {
			isa = XCBuildConfiguration;
			buildSettings = {
				ALWAYS_SEARCH_USER_PATHS = NO;
				CLANG_ANALYZER_NONNULL = YES;
				CLANG_ANALYZER_NUMBER_OBJECT_CONVERSION = YES_AGGRESSIVE;
				CLANG_CXX_LANGUAGE_STANDARD = "gnu++14";
				CLANG_CXX_LIBRARY = "libc++";
				CLANG_ENABLE_MODULES = YES;
				CLANG_ENABLE_OBJC_ARC = YES;
				CLANG_ENABLE_OBJC_WEAK = YES;
				CLANG_WARN_BLOCK_CAPTURE_AUTORELEASING = YES;
				CLANG_WARN_BOOL_CONVERSION = YES;
				CLANG_WARN_COMMA = YES;
				CLANG_WARN_CONSTANT_CONVERSION = YES;
				CLANG_WARN_DEPRECATED_OBJC_IMPLEMENTATIONS = YES;
				CLANG_WARN_DIRECT_OBJC_ISA_USAGE = YES_ERROR;
				CLANG_WARN_DOCUMENTATION_COMMENTS = YES;
				CLANG_WARN_EMPTY_BODY = YES;
				CLANG_WARN_ENUM_CONVERSION = YES;
				CLANG_WARN_INFINITE_RECURSION = YES;
				CLANG_WARN_INT_CONVERSION = YES;
				CLANG_WARN_NON_LITERAL_NULL_CONVERSION = YES;
				CLANG_WARN_OBJC_IMPLICIT_RETAIN_SELF = YES;
				CLANG_WARN_OBJC_LITERAL_CONVERSION = YES;
				CLANG_WARN_OBJC_ROOT_CLASS = YES_ERROR;
				CLANG_WARN_RANGE_LOOP_ANALYSIS = YES;
				CLANG_WARN_STRICT_PROTOTYPES = YES;
				CLANG_WARN_SUSPICIOUS_MOVE = YES;
				CLANG_WARN_UNGUARDED_AVAILABILITY = YES_AGGRESSIVE;
				CLANG_WARN_UNREACHABLE_CODE = YES;
				CLANG_WARN__DUPLICATE_METHOD_MATCH = YES;
				CODE_SIGN_IDENTITY = "iPhone Developer";
				COPY_PHASE_STRIP = NO;
				DEBUG_INFORMATION_FORMAT = "dwarf-with-dsym";
				ENABLE_NS_ASSERTIONS = NO;
				ENABLE_STRICT_OBJC_MSGSEND = YES;
				GCC_C_LANGUAGE_STANDARD = gnu11;
				GCC_NO_COMMON_BLOCKS = YES;
				GCC_WARN_64_TO_32_BIT_CONVERSION = YES;
				GCC_WARN_ABOUT_RETURN_TYPE = YES_ERROR;
				GCC_WARN_UNDECLARED_SELECTOR = YES;
				GCC_WARN_UNINITIALIZED_AUTOS = YES_AGGRESSIVE;
				GCC_WARN_UNUSED_FUNCTION = YES;
				GCC_WARN_UNUSED_VARIABLE = YES;
				IPHONEOS_DEPLOYMENT_TARGET = 11.3;
				MTL_ENABLE_DEBUG_INFO = NO;
				SDKROOT = iphoneos;
				SWIFT_COMPILATION_MODE = wholemodule;
				SWIFT_OPTIMIZATION_LEVEL = "-O";
				VALIDATE_PRODUCT = YES;
			};
			name = Release;
		};
		B8AA6F2A20AE88A6004F4905 /* Debug */ = {
			isa = XCBuildConfiguration;
			baseConfigurationReference = 735BD16112EA1B107CC9D03B /* Pods-Adoptr.debug.xcconfig */;
			buildSettings = {
				ASSETCATALOG_COMPILER_APPICON_NAME = AppIcon;
				CODE_SIGN_STYLE = Automatic;
				DEVELOPMENT_TEAM = 56W96PVPHU;
				INFOPLIST_FILE = Adoptr/Info.plist;
				LD_RUNPATH_SEARCH_PATHS = (
					"$(inherited)",
					"@executable_path/Frameworks",
				);
				PRODUCT_BUNDLE_IDENTIFIER = com.adoptr.Adoptr;
				PRODUCT_NAME = "$(TARGET_NAME)";
				SWIFT_VERSION = 4.0;
				TARGETED_DEVICE_FAMILY = 1;
			};
			name = Debug;
		};
		B8AA6F2B20AE88A6004F4905 /* Release */ = {
			isa = XCBuildConfiguration;
			baseConfigurationReference = FD80645D78E1422E9966C72C /* Pods-Adoptr.release.xcconfig */;
			buildSettings = {
				ASSETCATALOG_COMPILER_APPICON_NAME = AppIcon;
				CODE_SIGN_STYLE = Automatic;
				DEVELOPMENT_TEAM = 56W96PVPHU;
				INFOPLIST_FILE = Adoptr/Info.plist;
				LD_RUNPATH_SEARCH_PATHS = (
					"$(inherited)",
					"@executable_path/Frameworks",
				);
				PRODUCT_BUNDLE_IDENTIFIER = com.adoptr.Adoptr;
				PRODUCT_NAME = "$(TARGET_NAME)";
				SWIFT_VERSION = 4.0;
				TARGETED_DEVICE_FAMILY = 1;
			};
			name = Release;
		};
		B8AA6F2D20AE88A6004F4905 /* Debug */ = {
			isa = XCBuildConfiguration;
			baseConfigurationReference = 181728AC3712AC8D962FFD53 /* Pods-AdoptrTests.debug.xcconfig */;
			buildSettings = {
				ALWAYS_EMBED_SWIFT_STANDARD_LIBRARIES = YES;
				BUNDLE_LOADER = "$(TEST_HOST)";
				CODE_SIGN_STYLE = Automatic;
				INFOPLIST_FILE = AdoptrTests/Info.plist;
				LD_RUNPATH_SEARCH_PATHS = (
					"$(inherited)",
					"@executable_path/Frameworks",
					"@loader_path/Frameworks",
				);
				PRODUCT_BUNDLE_IDENTIFIER = com.adoptr.AdoptrTests;
				PRODUCT_NAME = "$(TARGET_NAME)";
				SWIFT_VERSION = 4.0;
				TARGETED_DEVICE_FAMILY = "1,2";
				TEST_HOST = "$(BUILT_PRODUCTS_DIR)/Adoptr.app/Adoptr";
			};
			name = Debug;
		};
		B8AA6F2E20AE88A6004F4905 /* Release */ = {
			isa = XCBuildConfiguration;
			baseConfigurationReference = E03AEE0A5A2AE9BF299E751F /* Pods-AdoptrTests.release.xcconfig */;
			buildSettings = {
				ALWAYS_EMBED_SWIFT_STANDARD_LIBRARIES = YES;
				BUNDLE_LOADER = "$(TEST_HOST)";
				CODE_SIGN_STYLE = Automatic;
				INFOPLIST_FILE = AdoptrTests/Info.plist;
				LD_RUNPATH_SEARCH_PATHS = (
					"$(inherited)",
					"@executable_path/Frameworks",
					"@loader_path/Frameworks",
				);
				PRODUCT_BUNDLE_IDENTIFIER = com.adoptr.AdoptrTests;
				PRODUCT_NAME = "$(TARGET_NAME)";
				SWIFT_VERSION = 4.0;
				TARGETED_DEVICE_FAMILY = "1,2";
				TEST_HOST = "$(BUILT_PRODUCTS_DIR)/Adoptr.app/Adoptr";
			};
			name = Release;
		};
		B8AA6F3020AE88A6004F4905 /* Debug */ = {
			isa = XCBuildConfiguration;
			baseConfigurationReference = A25FE76773799353132C9E50 /* Pods-AdoptrUITests.debug.xcconfig */;
			buildSettings = {
				ALWAYS_EMBED_SWIFT_STANDARD_LIBRARIES = YES;
				CODE_SIGN_STYLE = Automatic;
				INFOPLIST_FILE = AdoptrUITests/Info.plist;
				LD_RUNPATH_SEARCH_PATHS = (
					"$(inherited)",
					"@executable_path/Frameworks",
					"@loader_path/Frameworks",
				);
				PRODUCT_BUNDLE_IDENTIFIER = com.adoptr.AdoptrUITests;
				PRODUCT_NAME = "$(TARGET_NAME)";
				SWIFT_VERSION = 4.0;
				TARGETED_DEVICE_FAMILY = "1,2";
				TEST_TARGET_NAME = Adoptr;
			};
			name = Debug;
		};
		B8AA6F3120AE88A6004F4905 /* Release */ = {
			isa = XCBuildConfiguration;
			baseConfigurationReference = 655E74C39A7DC0B82C8B37FE /* Pods-AdoptrUITests.release.xcconfig */;
			buildSettings = {
				ALWAYS_EMBED_SWIFT_STANDARD_LIBRARIES = YES;
				CODE_SIGN_STYLE = Automatic;
				INFOPLIST_FILE = AdoptrUITests/Info.plist;
				LD_RUNPATH_SEARCH_PATHS = (
					"$(inherited)",
					"@executable_path/Frameworks",
					"@loader_path/Frameworks",
				);
				PRODUCT_BUNDLE_IDENTIFIER = com.adoptr.AdoptrUITests;
				PRODUCT_NAME = "$(TARGET_NAME)";
				SWIFT_VERSION = 4.0;
				TARGETED_DEVICE_FAMILY = "1,2";
				TEST_TARGET_NAME = Adoptr;
			};
			name = Release;
		};
/* End XCBuildConfiguration section */

/* Begin XCConfigurationList section */
		B8AA6EFC20AE88A2004F4905 /* Build configuration list for PBXProject "Adoptr" */ = {
			isa = XCConfigurationList;
			buildConfigurations = (
				B8AA6F2720AE88A6004F4905 /* Debug */,
				B8AA6F2820AE88A6004F4905 /* Release */,
			);
			defaultConfigurationIsVisible = 0;
			defaultConfigurationName = Release;
		};
		B8AA6F2920AE88A6004F4905 /* Build configuration list for PBXNativeTarget "Adoptr" */ = {
			isa = XCConfigurationList;
			buildConfigurations = (
				B8AA6F2A20AE88A6004F4905 /* Debug */,
				B8AA6F2B20AE88A6004F4905 /* Release */,
			);
			defaultConfigurationIsVisible = 0;
			defaultConfigurationName = Release;
		};
		B8AA6F2C20AE88A6004F4905 /* Build configuration list for PBXNativeTarget "AdoptrTests" */ = {
			isa = XCConfigurationList;
			buildConfigurations = (
				B8AA6F2D20AE88A6004F4905 /* Debug */,
				B8AA6F2E20AE88A6004F4905 /* Release */,
			);
			defaultConfigurationIsVisible = 0;
			defaultConfigurationName = Release;
		};
		B8AA6F2F20AE88A6004F4905 /* Build configuration list for PBXNativeTarget "AdoptrUITests" */ = {
			isa = XCConfigurationList;
			buildConfigurations = (
				B8AA6F3020AE88A6004F4905 /* Debug */,
				B8AA6F3120AE88A6004F4905 /* Release */,
			);
			defaultConfigurationIsVisible = 0;
			defaultConfigurationName = Release;
		};
/* End XCConfigurationList section */
	};
	rootObject = B8AA6EF920AE88A2004F4905 /* Project object */;
}
